
Microsoft Visual Studio Solution File, Format Version 12.00
# Visual Studio Version 17
VisualStudioVersion = 17.6.33815.320
MinimumVisualStudioVersion = 10.0.40219.1
Project("{FAE04EC0-301F-11D3-BF4B-00C04F79EFBC}") = "WindowsFormsApp1", "WindowsFormsApp1\WindowsFormsApp1.csproj", "{D752CF40-3133-4A00-9A66-8576DDCB7D34}"
EndProject
Global
	GlobalSection(SolutionConfigurationPlatforms) = preSolution
		Debug|Any CPU = Debug|Any CPU
		Release|Any CPU = Release|Any CPU
	EndGlobalSection
	GlobalSection(ProjectConfigurationPlatforms) = postSolution
		{D752CF40-3133-4A00-9A66-8576DDCB7D34}.Debug|Any CPU.ActiveCfg = Debug|Any CPU
		{D752CF40-3133-4A00-9A66-8576DDCB7D34}.Debug|Any CPU.Build.0 = Debug|Any CPU
		{D752CF40-3133-4A00-9A66-8576DDCB7D34}.Release|Any CPU.ActiveCfg = Release|Any CPU
		{D752CF40-3133-4A00-9A66-8576DDCB7D34}.Release|Any CPU.Build.0 = Release|Any CPU
	EndGlobalSection
	GlobalSection(SolutionProperties) = preSolution
		HideSolutionNode = FALSE
	EndGlobalSection
	GlobalSection(ExtensibilityGlobals) = postSolution
		SolutionGuid = {4066D980-5CD6-473D-BD0F-E36BDF09648F}
	EndGlobalSection
EndGlobal
